
Microsoft Visual Studio Solution File, Format Version 12.00
# Blend for Visual Studio 15
VisualStudioVersion = 15.0.27130.2036
MinimumVisualStudioVersion = 10.0.40219.1
Project("{FAE04EC0-301F-11D3-BF4B-00C04F79EFBC}") = "ARS Studio", "ARS Studio\ARS Studio.csproj", "{397BC4CB-006B-472E-BAE2-EBCA49397DE3}"
EndProject
Global
	GlobalSection(SolutionConfigurationPlatforms) = preSolution
		Debug|Any CPU = Debug|Any CPU
		Release|Any CPU = Release|Any CPU
	EndGlobalSection
	GlobalSection(ProjectConfigurationPlatforms) = postSolution
		{397BC4CB-006B-472E-BAE2-EBCA49397DE3}.Debug|Any CPU.ActiveCfg = Debug|Any CPU
		{397BC4CB-006B-472E-BAE2-EBCA49397DE3}.Debug|Any CPU.Build.0 = Debug|Any CPU
		{397BC4CB-006B-472E-BAE2-EBCA49397DE3}.Release|Any CPU.ActiveCfg = Release|Any CPU
		{397BC4CB-006B-472E-BAE2-EBCA49397DE3}.Release|Any CPU.Build.0 = Release|Any CPU
	EndGlobalSection
	GlobalSection(SolutionProperties) = preSolution
		HideSolutionNode = FALSE
	EndGlobalSection
	GlobalSection(ExtensibilityGlobals) = postSolution
		SolutionGuid = {A5DCD146-0D19-4F52-A530-349A6BA22E66}
	EndGlobalSection
EndGlobal
